
Microsoft Visual Studio Solution File, Format Version 12.00
# Visual Studio Version 17
VisualStudioVersion = 17.7.34031.279
MinimumVisualStudioVersion = 10.0.40219.1
Project("{FAE04EC0-301F-11D3-BF4B-00C04F79EFBC}") = "WpfApp9", "WpfApp9\WpfApp9.csproj", "{00AFF96E-5FC6-4641-9225-7F03A028A426}"
EndProject
Project("{FAE04EC0-301F-11D3-BF4B-00C04F79EFBC}") = "SerLib", "SerLib\SerLib.csproj", "{B5628526-212A-4E24-93C8-7EF33D0F6C62}"
EndProject
Project("{FAE04EC0-301F-11D3-BF4B-00C04F79EFBC}") = "CustomLib", "CustomLib\CustomLib.csproj", "{A6EDE43E-C27E-4E09-ABFF-9F044EBD0BBB}"
EndProject
Global
	GlobalSection(SolutionConfigurationPlatforms) = preSolution
		Debug|Any CPU = Debug|Any CPU
		Release|Any CPU = Release|Any CPU
	EndGlobalSection
	GlobalSection(ProjectConfigurationPlatforms) = postSolution
		{00AFF96E-5FC6-4641-9225-7F03A028A426}.Debug|Any CPU.ActiveCfg = Debug|Any CPU
		{00AFF96E-5FC6-4641-9225-7F03A028A426}.Debug|Any CPU.Build.0 = Debug|Any CPU
		{00AFF96E-5FC6-4641-9225-7F03A028A426}.Release|Any CPU.ActiveCfg = Release|Any CPU
		{00AFF96E-5FC6-4641-9225-7F03A028A426}.Release|Any CPU.Build.0 = Release|Any CPU
		{B5628526-212A-4E24-93C8-7EF33D0F6C62}.Debug|Any CPU.ActiveCfg = Debug|Any CPU
		{B5628526-212A-4E24-93C8-7EF33D0F6C62}.Debug|Any CPU.Build.0 = Debug|Any CPU
		{B5628526-212A-4E24-93C8-7EF33D0F6C62}.Release|Any CPU.ActiveCfg = Release|Any CPU
		{B5628526-212A-4E24-93C8-7EF33D0F6C62}.Release|Any CPU.Build.0 = Release|Any CPU
		{A6EDE43E-C27E-4E09-ABFF-9F044EBD0BBB}.Debug|Any CPU.ActiveCfg = Debug|Any CPU
		{A6EDE43E-C27E-4E09-ABFF-9F044EBD0BBB}.Debug|Any CPU.Build.0 = Debug|Any CPU
		{A6EDE43E-C27E-4E09-ABFF-9F044EBD0BBB}.Release|Any CPU.ActiveCfg = Release|Any CPU
		{A6EDE43E-C27E-4E09-ABFF-9F044EBD0BBB}.Release|Any CPU.Build.0 = Release|Any CPU
	EndGlobalSection
	GlobalSection(SolutionProperties) = preSolution
		HideSolutionNode = FALSE
	EndGlobalSection
	GlobalSection(ExtensibilityGlobals) = postSolution
		SolutionGuid = {AC148B33-8AD9-44DF-BB5F-3558FC882690}
	EndGlobalSection
EndGlobal
